{
  "nodes": {
    "byond-linux": {
      "flake": false,
      "locked": {
        "narHash": "sha256-PuOPL5vYxCpQ3tjA8hh+Nf1a4U9CZMLzY0XJJgn4kng=",
        "type": "tarball",
        "url": "https://www.byond.com/download/build/515/515.1597_byond_linux.zip"
      },
      "original": {
        "type": "tarball",
        "url": "https://www.byond.com/download/build/515/515.1597_byond_linux.zip"
      }
    },
    "nixpkgs": {
      "locked": {
        "lastModified": 1670918062,
        "narHash": "sha256-iOhkyBYUU9Jfkk0lvI4ahpjyrTsLXj9uyJWwmjKg+gg=",
        "owner": "NixOS",
        "repo": "nixpkgs",
        "rev": "84575b0bd882be979516f4fecfe4d7c8de8f6a92",
        "type": "github"
      },
      "original": {
        "id": "nixpkgs",
        "type": "indirect"
      }
    },
    "root": {
      "inputs": {
        "byond-linux": "byond-linux",
        "nixpkgs": "nixpkgs"
      }
    }
  },
  "root": "root",
  "version": 7
}
