{
  "nodes": {
    "byond-linux": {
      "flake": false,
      "locked": {
        "lastModified": 1709673471,
        "narHash": "sha256-TPANQPCaROg2fOzmnf2RKvHcEe0Lv2B+ms+HCnEWzbc=",
        "type": "tarball",
        "url": "https://www.byond.com/download/build/515/515.1633_byond_linux.zip"
      },
      "original": {
        "type": "tarball",
        "url": "https://www.byond.com/download/build/515/515.1633_byond_linux.zip"
      }
    },
    "nixpkgs": {
      "locked": {
        "lastModified": 0,
        "narHash": "sha256-cy6ArO4k5qTx+l5o+0mL9f5fa86tYUX3ozE1S+Txlds=",
        "path": "/nix/store/lwyjz70qh12nq6cb7fixl85vryzxqm3c-source",
        "type": "path"
      },
      "original": {
        "id": "nixpkgs",
        "type": "indirect"
      }
    },
    "root": {
      "inputs": {
        "byond-linux": "byond-linux",
        "nixpkgs": "nixpkgs"
      }
    }
  },
  "root": "root",
  "version": 7
}
