{
  "nodes": {
    "byond-linux": {
      "flake": false,
      "locked": {
        "narHash": "sha256-Zo4TV1g07WM8SjAiIayx7/XUrDkvFqNSOBqF3jUdTDM=",
        "type": "tarball",
        "url": "https://www.byond.com/download/build/514/514.1584_byond_linux.zip"
      },
      "original": {
        "type": "tarball",
        "url": "https://www.byond.com/download/build/514/514.1584_byond_linux.zip"
      }
    },
    "nixpkgs": {
      "locked": {
        "lastModified": 1653326962,
        "narHash": "sha256-W8feCYqKTsMre4nAEpv5Kx1PVFC+hao/LwqtB2Wci/8=",
        "owner": "NixOS",
        "repo": "nixpkgs",
        "rev": "41cc1d5d9584103be4108c1815c350e07c807036",
        "type": "github"
      },
      "original": {
        "id": "nixpkgs",
        "type": "indirect"
      }
    },
    "root": {
      "inputs": {
        "byond-linux": "byond-linux",
        "nixpkgs": "nixpkgs"
      }
    }
  },
  "root": "root",
  "version": 7
}
